
Microsoft Visual Studio Solution File, Format Version 12.00
# Visual Studio Version 17
VisualStudioVersion = 17.0.32112.339
MinimumVisualStudioVersion = 10.0.40219.1
Project("{9A19103F-16F7-4668-BE54-9A1E7A4F7556}") = "UaRageMp.Core", "UaRageMp.Core.csproj", "{9FDC341B-C835-4D46-8EF9-E6B52B1EC884}"
EndProject
Project("{2150E333-8FDC-42A3-9474-1A3956D46DE8}") = "src", "src", "{FA05E0A5-986F-4EEE-A5EF-994A5EC646F8}"
EndProject
Global
	GlobalSection(SolutionConfigurationPlatforms) = preSolution
		Debug|Any CPU = Debug|Any CPU
		Release|Any CPU = Release|Any CPU
	EndGlobalSection
	GlobalSection(ProjectConfigurationPlatforms) = postSolution
		{9FDC341B-C835-4D46-8EF9-E6B52B1EC884}.Debug|Any CPU.ActiveCfg = Debug|Any CPU
		{9FDC341B-C835-4D46-8EF9-E6B52B1EC884}.Debug|Any CPU.Build.0 = Debug|Any CPU
		{9FDC341B-C835-4D46-8EF9-E6B52B1EC884}.Release|Any CPU.ActiveCfg = Release|Any CPU
		{9FDC341B-C835-4D46-8EF9-E6B52B1EC884}.Release|Any CPU.Build.0 = Release|Any CPU
	EndGlobalSection
	GlobalSection(SolutionProperties) = preSolution
		HideSolutionNode = FALSE
	EndGlobalSection
	GlobalSection(ExtensibilityGlobals) = postSolution
		SolutionGuid = {E5C69F6E-9BC9-4DD7-8912-9A00E3C22009}
	EndGlobalSection
EndGlobal
