
Microsoft Visual Studio Solution File, Format Version 12.00
# Visual Studio Version 16
VisualStudioVersion = 16.0.31702.278
MinimumVisualStudioVersion = 10.0.40219.1
Project("{9A19103F-16F7-4668-BE54-9A1E7A4F7556}") = "UaRageMp.Core", "UaRageMp.Core.csproj", "{9FDC341B-C835-4D46-8EF9-E6B52B1EC884}"
EndProject
Project("{FAE04EC0-301F-11D3-BF4B-00C04F79EFBC}") = "UaRageMp.DAL", "..\src\UaRageMp.DAL\UaRageMp.DAL.csproj", "{F970AC5C-17EA-4E97-821F-2888AE24CFE2}"
EndProject
Project("{FAE04EC0-301F-11D3-BF4B-00C04F79EFBC}") = "UaRageMp.Common", "..\src\UaRageMp.Common\UaRageMp.Common.csproj", "{F8A07087-E978-4E68-B58B-93BDDFA5FFBB}"
EndProject
Global
	GlobalSection(SolutionConfigurationPlatforms) = preSolution
		Debug|Any CPU = Debug|Any CPU
		Release|Any CPU = Release|Any CPU
	EndGlobalSection
	GlobalSection(ProjectConfigurationPlatforms) = postSolution
		{9FDC341B-C835-4D46-8EF9-E6B52B1EC884}.Debug|Any CPU.ActiveCfg = Debug|Any CPU
		{9FDC341B-C835-4D46-8EF9-E6B52B1EC884}.Debug|Any CPU.Build.0 = Debug|Any CPU
		{9FDC341B-C835-4D46-8EF9-E6B52B1EC884}.Release|Any CPU.ActiveCfg = Release|Any CPU
		{9FDC341B-C835-4D46-8EF9-E6B52B1EC884}.Release|Any CPU.Build.0 = Release|Any CPU
		{F970AC5C-17EA-4E97-821F-2888AE24CFE2}.Debug|Any CPU.ActiveCfg = Debug|Any CPU
		{F970AC5C-17EA-4E97-821F-2888AE24CFE2}.Debug|Any CPU.Build.0 = Debug|Any CPU
		{F970AC5C-17EA-4E97-821F-2888AE24CFE2}.Release|Any CPU.ActiveCfg = Release|Any CPU
		{F970AC5C-17EA-4E97-821F-2888AE24CFE2}.Release|Any CPU.Build.0 = Release|Any CPU
		{F8A07087-E978-4E68-B58B-93BDDFA5FFBB}.Debug|Any CPU.ActiveCfg = Debug|Any CPU
		{F8A07087-E978-4E68-B58B-93BDDFA5FFBB}.Debug|Any CPU.Build.0 = Debug|Any CPU
		{F8A07087-E978-4E68-B58B-93BDDFA5FFBB}.Release|Any CPU.ActiveCfg = Release|Any CPU
		{F8A07087-E978-4E68-B58B-93BDDFA5FFBB}.Release|Any CPU.Build.0 = Release|Any CPU
	EndGlobalSection
	GlobalSection(SolutionProperties) = preSolution
		HideSolutionNode = FALSE
	EndGlobalSection
	GlobalSection(ExtensibilityGlobals) = postSolution
		SolutionGuid = {E5C69F6E-9BC9-4DD7-8912-9A00E3C22009}
	EndGlobalSection
EndGlobal
